
Microsoft Visual Studio Solution File, Format Version 12.00
# Visual Studio 15
VisualStudioVersion = 15.0.26730.15
MinimumVisualStudioVersion = 10.0.40219.1
Project("{FAE04EC0-301F-11D3-BF4B-00C04F79EFBC}") = "Mod3_Lab1", "Mod3_Lab1\Mod3_Lab1.csproj", "{B8205429-F829-46A6-9594-8860017EF043}"
EndProject
Global
	GlobalSection(SolutionConfigurationPlatforms) = preSolution
		Debug|Any CPU = Debug|Any CPU
		Release|Any CPU = Release|Any CPU
	EndGlobalSection
	GlobalSection(ProjectConfigurationPlatforms) = postSolution
		{B8205429-F829-46A6-9594-8860017EF043}.Debug|Any CPU.ActiveCfg = Debug|Any CPU
		{B8205429-F829-46A6-9594-8860017EF043}.Debug|Any CPU.Build.0 = Debug|Any CPU
		{B8205429-F829-46A6-9594-8860017EF043}.Release|Any CPU.ActiveCfg = Release|Any CPU
		{B8205429-F829-46A6-9594-8860017EF043}.Release|Any CPU.Build.0 = Release|Any CPU
	EndGlobalSection
	GlobalSection(SolutionProperties) = preSolution
		HideSolutionNode = FALSE
	EndGlobalSection
	GlobalSection(ExtensibilityGlobals) = postSolution
		SolutionGuid = {760BEBDE-7717-4EE2-8D3D-7F4BCEA2A9A5}
	EndGlobalSection
EndGlobal
